
Microsoft Visual Studio Solution File, Format Version 12.00
# Visual Studio 15
VisualStudioVersion = 15.0.28307.1300
MinimumVisualStudioVersion = 10.0.40219.1
Project("{8BC9CEB8-8B4A-11D0-8D11-00A0C91BC942}") = "p15", "p15\p15.vcxproj", "{B7DEEF50-5F69-4C2A-B641-1992449A9BD2}"
EndProject
Global
	GlobalSection(SolutionConfigurationPlatforms) = preSolution
		Debug|x64 = Debug|x64
		Debug|x86 = Debug|x86
		Release|x64 = Release|x64
		Release|x86 = Release|x86
	EndGlobalSection
	GlobalSection(ProjectConfigurationPlatforms) = postSolution
		{B7DEEF50-5F69-4C2A-B641-1992449A9BD2}.Debug|x64.ActiveCfg = Debug|x64
		{B7DEEF50-5F69-4C2A-B641-1992449A9BD2}.Debug|x64.Build.0 = Debug|x64
		{B7DEEF50-5F69-4C2A-B641-1992449A9BD2}.Debug|x86.ActiveCfg = Debug|Win32
		{B7DEEF50-5F69-4C2A-B641-1992449A9BD2}.Debug|x86.Build.0 = Debug|Win32
		{B7DEEF50-5F69-4C2A-B641-1992449A9BD2}.Release|x64.ActiveCfg = Release|x64
		{B7DEEF50-5F69-4C2A-B641-1992449A9BD2}.Release|x64.Build.0 = Release|x64
		{B7DEEF50-5F69-4C2A-B641-1992449A9BD2}.Release|x86.ActiveCfg = Release|Win32
		{B7DEEF50-5F69-4C2A-B641-1992449A9BD2}.Release|x86.Build.0 = Release|Win32
	EndGlobalSection
	GlobalSection(SolutionProperties) = preSolution
		HideSolutionNode = FALSE
	EndGlobalSection
	GlobalSection(ExtensibilityGlobals) = postSolution
		SolutionGuid = {9CABE2E8-62CD-402A-BBA5-D65B6049C13A}
	EndGlobalSection
EndGlobal
