
Microsoft Visual Studio Solution File, Format Version 12.00
# Visual Studio 15
VisualStudioVersion = 15.0.28307.1300
MinimumVisualStudioVersion = 10.0.40219.1
Project("{8BC9CEB8-8B4A-11D0-8D11-00A0C91BC942}") = "p6", "p6\p6.vcxproj", "{A396D1C9-0E9F-4BC7-8129-331CE6B4276B}"
EndProject
Global
	GlobalSection(SolutionConfigurationPlatforms) = preSolution
		Debug|x64 = Debug|x64
		Debug|x86 = Debug|x86
		Release|x64 = Release|x64
		Release|x86 = Release|x86
	EndGlobalSection
	GlobalSection(ProjectConfigurationPlatforms) = postSolution
		{A396D1C9-0E9F-4BC7-8129-331CE6B4276B}.Debug|x64.ActiveCfg = Debug|x64
		{A396D1C9-0E9F-4BC7-8129-331CE6B4276B}.Debug|x64.Build.0 = Debug|x64
		{A396D1C9-0E9F-4BC7-8129-331CE6B4276B}.Debug|x86.ActiveCfg = Debug|Win32
		{A396D1C9-0E9F-4BC7-8129-331CE6B4276B}.Debug|x86.Build.0 = Debug|Win32
		{A396D1C9-0E9F-4BC7-8129-331CE6B4276B}.Release|x64.ActiveCfg = Release|x64
		{A396D1C9-0E9F-4BC7-8129-331CE6B4276B}.Release|x64.Build.0 = Release|x64
		{A396D1C9-0E9F-4BC7-8129-331CE6B4276B}.Release|x86.ActiveCfg = Release|Win32
		{A396D1C9-0E9F-4BC7-8129-331CE6B4276B}.Release|x86.Build.0 = Release|Win32
	EndGlobalSection
	GlobalSection(SolutionProperties) = preSolution
		HideSolutionNode = FALSE
	EndGlobalSection
	GlobalSection(ExtensibilityGlobals) = postSolution
		SolutionGuid = {9FB33E48-2B92-407D-A3BA-1DF898DC68B9}
	EndGlobalSection
EndGlobal
